
Microsoft Visual Studio Solution File, Format Version 12.00
# Visual Studio 15
VisualStudioVersion = 15.0.27130.2026
MinimumVisualStudioVersion = 10.0.40219.1
Project("{FAE04EC0-301F-11D3-BF4B-00C04F79EFBC}") = "SoltimateWeb", "SoltimateWeb\SoltimateWeb.csproj", "{34C2214B-D7D7-47B9-96FF-8A104B3D9BAC}"
EndProject
Global
	GlobalSection(SolutionConfigurationPlatforms) = preSolution
		Debug|Any CPU = Debug|Any CPU
		Release|Any CPU = Release|Any CPU
	EndGlobalSection
	GlobalSection(ProjectConfigurationPlatforms) = postSolution
		{34C2214B-D7D7-47B9-96FF-8A104B3D9BAC}.Debug|Any CPU.ActiveCfg = Debug|Any CPU
		{34C2214B-D7D7-47B9-96FF-8A104B3D9BAC}.Debug|Any CPU.Build.0 = Debug|Any CPU
		{34C2214B-D7D7-47B9-96FF-8A104B3D9BAC}.Release|Any CPU.ActiveCfg = Release|Any CPU
		{34C2214B-D7D7-47B9-96FF-8A104B3D9BAC}.Release|Any CPU.Build.0 = Release|Any CPU
	EndGlobalSection
	GlobalSection(SolutionProperties) = preSolution
		HideSolutionNode = FALSE
	EndGlobalSection
	GlobalSection(ExtensibilityGlobals) = postSolution
		SolutionGuid = {0B023DA8-D7C9-4CE2-9F86-DA1466EE160B}
	EndGlobalSection
EndGlobal
